
Microsoft Visual Studio Solution File, Format Version 12.00
# Visual Studio Version 17
VisualStudioVersion = 17.7.34221.43
MinimumVisualStudioVersion = 10.0.40219.1
Project("{9A19103F-16F7-4668-BE54-9A1E7A4F7556}") = "Wallet.Tracker.Infrastructure", "Wallet.Tracker.Infrastructure\Wallet.Tracker.Infrastructure.csproj", "{10AC6A3B-7AAE-440C-B37B-122EC185B672}"
EndProject
Project("{9A19103F-16F7-4668-BE54-9A1E7A4F7556}") = "Wallet.Tracker.Api", "Wallet.Tracker.Api\Wallet.Tracker.Api.csproj", "{20EF5D8C-80F5-42FC-96CB-E7E9A7CA961A}"
EndProject
Project("{9A19103F-16F7-4668-BE54-9A1E7A4F7556}") = "Wallet.Tracker.Domain.Models", "Wallet.Tracker.Domain.Models\Wallet.Tracker.Domain.Models.csproj", "{2B8DD7E5-E119-4CD4-A57E-AA04980BC215}"
EndProject
Project("{9A19103F-16F7-4668-BE54-9A1E7A4F7556}") = "Wallet.Tracker.Domain.Services", "Wallet.Tracker.Domain.Services\Wallet.Tracker.Domain.Services.csproj", "{8460956F-D9C1-4AD1-8911-AB268344DA1A}"
EndProject
Project("{9A19103F-16F7-4668-BE54-9A1E7A4F7556}") = "Wallet.Tracker.SQS", "Wallet.Tracker.Sqs\Wallet.Tracker.SQS.csproj", "{E184DA4E-B889-42DF-9195-AE6A60A04B80}"
EndProject
Project("{9A19103F-16F7-4668-BE54-9A1E7A4F7556}") = "Wallet.Tracker.SQS.Contracts", "Wallet.Tracker.SQS.Contracts\Wallet.Tracker.SQS.Contracts.csproj", "{06319466-D8E5-404E-B70B-BC99AA1BEE70}"
EndProject
Project("{9A19103F-16F7-4668-BE54-9A1E7A4F7556}") = "Wallet.Tracker.Infrastructure.CoinMarketCap", "Wallet.Tracker.Infrastructure.CoinMarketCap\Wallet.Tracker.Infrastructure.CoinMarketCap.csproj", "{EAD1E09F-D816-49BE-8BAB-CF95D4B206E8}"
EndProject
Project("{9A19103F-16F7-4668-BE54-9A1E7A4F7556}") = "Wallet.Tracker.Infrastructure.CoinMarketCap.Contracts", "Wallet.Tracker.Infrastructure.CoinMarketCap.Contracts\Wallet.Tracker.Infrastructure.CoinMarketCap.Contracts.csproj", "{DE0F8136-216A-47EA-8626-236B9F603FB3}"
EndProject
Project("{9A19103F-16F7-4668-BE54-9A1E7A4F7556}") = "Wallet.Tracker.Infrastruction.ChainExplorer", "Wallet.Tracker.Infrastruction.ChainExplorer\Wallet.Tracker.Infrastruction.ChainExplorer.csproj", "{BE9B2A9B-6681-4E1C-85E3-CC1C9859C8B7}"
EndProject
Project("{9A19103F-16F7-4668-BE54-9A1E7A4F7556}") = "Wallet.Tracker.Infrastruction.ChainExplorer.Contracts", "Wallet.Tracker.Infrastruction.ChainExplorer.Contracts\Wallet.Tracker.Infrastruction.ChainExplorer.Contracts.csproj", "{096E01EB-170D-4F63-B50A-B082AD858866}"
EndProject
Project("{FAE04EC0-301F-11D3-BF4B-00C04F79EFBC}") = "Wallet.Tracker.Infrastructure.Telegram", "Wallet.Tracker.Infrastructure.Telegram\Wallet.Tracker.Infrastructure.Telegram.csproj", "{CB58D898-06B2-4E2B-B34D-8942E5F2CA4C}"
EndProject
Global
	GlobalSection(SolutionConfigurationPlatforms) = preSolution
		Debug|Any CPU = Debug|Any CPU
		Release|Any CPU = Release|Any CPU
	EndGlobalSection
	GlobalSection(ProjectConfigurationPlatforms) = postSolution
		{10AC6A3B-7AAE-440C-B37B-122EC185B672}.Debug|Any CPU.ActiveCfg = Debug|Any CPU
		{10AC6A3B-7AAE-440C-B37B-122EC185B672}.Debug|Any CPU.Build.0 = Debug|Any CPU
		{10AC6A3B-7AAE-440C-B37B-122EC185B672}.Release|Any CPU.ActiveCfg = Release|Any CPU
		{10AC6A3B-7AAE-440C-B37B-122EC185B672}.Release|Any CPU.Build.0 = Release|Any CPU
		{20EF5D8C-80F5-42FC-96CB-E7E9A7CA961A}.Debug|Any CPU.ActiveCfg = Debug|Any CPU
		{20EF5D8C-80F5-42FC-96CB-E7E9A7CA961A}.Debug|Any CPU.Build.0 = Debug|Any CPU
		{20EF5D8C-80F5-42FC-96CB-E7E9A7CA961A}.Release|Any CPU.ActiveCfg = Release|Any CPU
		{20EF5D8C-80F5-42FC-96CB-E7E9A7CA961A}.Release|Any CPU.Build.0 = Release|Any CPU
		{2B8DD7E5-E119-4CD4-A57E-AA04980BC215}.Debug|Any CPU.ActiveCfg = Debug|Any CPU
		{2B8DD7E5-E119-4CD4-A57E-AA04980BC215}.Debug|Any CPU.Build.0 = Debug|Any CPU
		{2B8DD7E5-E119-4CD4-A57E-AA04980BC215}.Release|Any CPU.ActiveCfg = Release|Any CPU
		{2B8DD7E5-E119-4CD4-A57E-AA04980BC215}.Release|Any CPU.Build.0 = Release|Any CPU
		{8460956F-D9C1-4AD1-8911-AB268344DA1A}.Debug|Any CPU.ActiveCfg = Debug|Any CPU
		{8460956F-D9C1-4AD1-8911-AB268344DA1A}.Debug|Any CPU.Build.0 = Debug|Any CPU
		{8460956F-D9C1-4AD1-8911-AB268344DA1A}.Release|Any CPU.ActiveCfg = Release|Any CPU
		{8460956F-D9C1-4AD1-8911-AB268344DA1A}.Release|Any CPU.Build.0 = Release|Any CPU
		{E184DA4E-B889-42DF-9195-AE6A60A04B80}.Debug|Any CPU.ActiveCfg = Debug|Any CPU
		{E184DA4E-B889-42DF-9195-AE6A60A04B80}.Debug|Any CPU.Build.0 = Debug|Any CPU
		{E184DA4E-B889-42DF-9195-AE6A60A04B80}.Release|Any CPU.ActiveCfg = Release|Any CPU
		{E184DA4E-B889-42DF-9195-AE6A60A04B80}.Release|Any CPU.Build.0 = Release|Any CPU
		{06319466-D8E5-404E-B70B-BC99AA1BEE70}.Debug|Any CPU.ActiveCfg = Debug|Any CPU
		{06319466-D8E5-404E-B70B-BC99AA1BEE70}.Debug|Any CPU.Build.0 = Debug|Any CPU
		{06319466-D8E5-404E-B70B-BC99AA1BEE70}.Release|Any CPU.ActiveCfg = Release|Any CPU
		{06319466-D8E5-404E-B70B-BC99AA1BEE70}.Release|Any CPU.Build.0 = Release|Any CPU
		{EAD1E09F-D816-49BE-8BAB-CF95D4B206E8}.Debug|Any CPU.ActiveCfg = Debug|Any CPU
		{EAD1E09F-D816-49BE-8BAB-CF95D4B206E8}.Debug|Any CPU.Build.0 = Debug|Any CPU
		{EAD1E09F-D816-49BE-8BAB-CF95D4B206E8}.Release|Any CPU.ActiveCfg = Release|Any CPU
		{EAD1E09F-D816-49BE-8BAB-CF95D4B206E8}.Release|Any CPU.Build.0 = Release|Any CPU
		{DE0F8136-216A-47EA-8626-236B9F603FB3}.Debug|Any CPU.ActiveCfg = Debug|Any CPU
		{DE0F8136-216A-47EA-8626-236B9F603FB3}.Debug|Any CPU.Build.0 = Debug|Any CPU
		{DE0F8136-216A-47EA-8626-236B9F603FB3}.Release|Any CPU.ActiveCfg = Release|Any CPU
		{DE0F8136-216A-47EA-8626-236B9F603FB3}.Release|Any CPU.Build.0 = Release|Any CPU
		{BE9B2A9B-6681-4E1C-85E3-CC1C9859C8B7}.Debug|Any CPU.ActiveCfg = Debug|Any CPU
		{BE9B2A9B-6681-4E1C-85E3-CC1C9859C8B7}.Debug|Any CPU.Build.0 = Debug|Any CPU
		{BE9B2A9B-6681-4E1C-85E3-CC1C9859C8B7}.Release|Any CPU.ActiveCfg = Release|Any CPU
		{BE9B2A9B-6681-4E1C-85E3-CC1C9859C8B7}.Release|Any CPU.Build.0 = Release|Any CPU
		{096E01EB-170D-4F63-B50A-B082AD858866}.Debug|Any CPU.ActiveCfg = Debug|Any CPU
		{096E01EB-170D-4F63-B50A-B082AD858866}.Debug|Any CPU.Build.0 = Debug|Any CPU
		{096E01EB-170D-4F63-B50A-B082AD858866}.Release|Any CPU.ActiveCfg = Release|Any CPU
		{096E01EB-170D-4F63-B50A-B082AD858866}.Release|Any CPU.Build.0 = Release|Any CPU
		{CB58D898-06B2-4E2B-B34D-8942E5F2CA4C}.Debug|Any CPU.ActiveCfg = Debug|Any CPU
		{CB58D898-06B2-4E2B-B34D-8942E5F2CA4C}.Debug|Any CPU.Build.0 = Debug|Any CPU
		{CB58D898-06B2-4E2B-B34D-8942E5F2CA4C}.Release|Any CPU.ActiveCfg = Release|Any CPU
		{CB58D898-06B2-4E2B-B34D-8942E5F2CA4C}.Release|Any CPU.Build.0 = Release|Any CPU
	EndGlobalSection
	GlobalSection(SolutionProperties) = preSolution
		HideSolutionNode = FALSE
	EndGlobalSection
	GlobalSection(ExtensibilityGlobals) = postSolution
		SolutionGuid = {330B9384-A94D-4D42-B78E-8A72EC83B88E}
	EndGlobalSection
EndGlobal
